
Microsoft Visual Studio Solution File, Format Version 12.00
# Visual Studio Version 17
VisualStudioVersion = 17.9.34701.34
MinimumVisualStudioVersion = 10.0.40219.1
Project("{FAE04EC0-301F-11D3-BF4B-00C04F79EFBC}") = "dWeb2024", "dWeb2024\dWeb2024.csproj", "{266CC2F5-3118-41E0-B470-65C71EB6B4A9}"
EndProject
Global
	GlobalSection(SolutionConfigurationPlatforms) = preSolution
		Debug|Any CPU = Debug|Any CPU
		Release|Any CPU = Release|Any CPU
	EndGlobalSection
	GlobalSection(ProjectConfigurationPlatforms) = postSolution
		{266CC2F5-3118-41E0-B470-65C71EB6B4A9}.Debug|Any CPU.ActiveCfg = Debug|Any CPU
		{266CC2F5-3118-41E0-B470-65C71EB6B4A9}.Debug|Any CPU.Build.0 = Debug|Any CPU
		{266CC2F5-3118-41E0-B470-65C71EB6B4A9}.Release|Any CPU.ActiveCfg = Release|Any CPU
		{266CC2F5-3118-41E0-B470-65C71EB6B4A9}.Release|Any CPU.Build.0 = Release|Any CPU
	EndGlobalSection
	GlobalSection(SolutionProperties) = preSolution
		HideSolutionNode = FALSE
	EndGlobalSection
	GlobalSection(ExtensibilityGlobals) = postSolution
		SolutionGuid = {D3238682-DF98-4EAB-A707-EF60607C980D}
	EndGlobalSection
EndGlobal
